
Microsoft Visual Studio Solution File, Format Version 12.00
# Visual Studio Version 17
VisualStudioVersion = 17.5.002.0
MinimumVisualStudioVersion = 10.0.40219.1
Project("{2150E333-8FDC-42A3-9474-1A3956D46DE8}") = "BackEnd", "BackEnd", "{2E36C08E-C513-4A54-95FF-9277CCC9B190}"
EndProject
Project("{2150E333-8FDC-42A3-9474-1A3956D46DE8}") = "Sources", "Sources", "{8B3C072A-692D-4F4B-95D0-F397EDAD54CE}"
EndProject
Project("{2150E333-8FDC-42A3-9474-1A3956D46DE8}") = "Services", "Services", "{86C34159-1D36-4881-93EC-22EB98309B88}"
EndProject
Project("{2150E333-8FDC-42A3-9474-1A3956D46DE8}") = "SM.Clone.Users", "SM.Clone.Users", "{CEAB5745-5740-4E92-A273-4B4425CA9709}"
EndProject
Project("{9A19103F-16F7-4668-BE54-9A1E7A4F7556}") = "SM.Clone.Users.Domains", "BackEnd\Sources\Services\SM.Clone.Users\Domains\SM.Clone.Users.Domains.csproj", "{DDEEEBD8-72B7-4B8D-979C-F984490EA073}"
EndProject
Project("{9A19103F-16F7-4668-BE54-9A1E7A4F7556}") = "SM.Clone.Users.Infrastructures", "BackEnd\Sources\Services\SM.Clone.Users\Infrastructures\SM.Clone.Users.Infrastructures.csproj", "{BAD40979-55E2-4019-B6E1-F6500E27B56E}"
EndProject
Project("{9A19103F-16F7-4668-BE54-9A1E7A4F7556}") = "SM.Clone.Users.Applications", "BackEnd\Sources\Services\SM.Clone.Users\Applications\SM.Clone.Users.Applications.csproj", "{297F21C3-7D96-4825-9BC0-4892B2A1552E}"
EndProject
Project("{9A19103F-16F7-4668-BE54-9A1E7A4F7556}") = "SM.Clone.Users.Api", "BackEnd\Sources\Services\SM.Clone.Users\Api\SM.Clone.Users.Api.csproj", "{3145783C-FCAE-4FF3-B3B0-3A3B28085435}"
EndProject
Global
	GlobalSection(SolutionConfigurationPlatforms) = preSolution
		Debug|Any CPU = Debug|Any CPU
		Release|Any CPU = Release|Any CPU
	EndGlobalSection
	GlobalSection(ProjectConfigurationPlatforms) = postSolution
		{DDEEEBD8-72B7-4B8D-979C-F984490EA073}.Debug|Any CPU.ActiveCfg = Debug|Any CPU
		{DDEEEBD8-72B7-4B8D-979C-F984490EA073}.Debug|Any CPU.Build.0 = Debug|Any CPU
		{DDEEEBD8-72B7-4B8D-979C-F984490EA073}.Release|Any CPU.ActiveCfg = Release|Any CPU
		{DDEEEBD8-72B7-4B8D-979C-F984490EA073}.Release|Any CPU.Build.0 = Release|Any CPU
		{BAD40979-55E2-4019-B6E1-F6500E27B56E}.Debug|Any CPU.ActiveCfg = Debug|Any CPU
		{BAD40979-55E2-4019-B6E1-F6500E27B56E}.Debug|Any CPU.Build.0 = Debug|Any CPU
		{BAD40979-55E2-4019-B6E1-F6500E27B56E}.Release|Any CPU.ActiveCfg = Release|Any CPU
		{BAD40979-55E2-4019-B6E1-F6500E27B56E}.Release|Any CPU.Build.0 = Release|Any CPU
		{297F21C3-7D96-4825-9BC0-4892B2A1552E}.Debug|Any CPU.ActiveCfg = Debug|Any CPU
		{297F21C3-7D96-4825-9BC0-4892B2A1552E}.Debug|Any CPU.Build.0 = Debug|Any CPU
		{297F21C3-7D96-4825-9BC0-4892B2A1552E}.Release|Any CPU.ActiveCfg = Release|Any CPU
		{297F21C3-7D96-4825-9BC0-4892B2A1552E}.Release|Any CPU.Build.0 = Release|Any CPU
		{3145783C-FCAE-4FF3-B3B0-3A3B28085435}.Debug|Any CPU.ActiveCfg = Debug|Any CPU
		{3145783C-FCAE-4FF3-B3B0-3A3B28085435}.Debug|Any CPU.Build.0 = Debug|Any CPU
		{3145783C-FCAE-4FF3-B3B0-3A3B28085435}.Release|Any CPU.ActiveCfg = Release|Any CPU
		{3145783C-FCAE-4FF3-B3B0-3A3B28085435}.Release|Any CPU.Build.0 = Release|Any CPU
	EndGlobalSection
	GlobalSection(SolutionProperties) = preSolution
		HideSolutionNode = FALSE
	EndGlobalSection
	GlobalSection(NestedProjects) = preSolution
		{8B3C072A-692D-4F4B-95D0-F397EDAD54CE} = {2E36C08E-C513-4A54-95FF-9277CCC9B190}
		{86C34159-1D36-4881-93EC-22EB98309B88} = {8B3C072A-692D-4F4B-95D0-F397EDAD54CE}
		{CEAB5745-5740-4E92-A273-4B4425CA9709} = {86C34159-1D36-4881-93EC-22EB98309B88}
		{DDEEEBD8-72B7-4B8D-979C-F984490EA073} = {CEAB5745-5740-4E92-A273-4B4425CA9709}
		{BAD40979-55E2-4019-B6E1-F6500E27B56E} = {CEAB5745-5740-4E92-A273-4B4425CA9709}
		{297F21C3-7D96-4825-9BC0-4892B2A1552E} = {CEAB5745-5740-4E92-A273-4B4425CA9709}
		{3145783C-FCAE-4FF3-B3B0-3A3B28085435} = {CEAB5745-5740-4E92-A273-4B4425CA9709}
	EndGlobalSection
	GlobalSection(ExtensibilityGlobals) = postSolution
		SolutionGuid = {79580D36-25AA-4580-8FF2-2CB62DA6ABCF}
	EndGlobalSection
EndGlobal
