
Microsoft Visual Studio Solution File, Format Version 12.00
# Visual Studio Version 17
VisualStudioVersion = 17.5.002.0
MinimumVisualStudioVersion = 10.0.40219.1
Project("{9A19103F-16F7-4668-BE54-9A1E7A4F7556}") = "SM.Clone.Auth.Domains", "Domains\SM.Clone.Auth.Domains.csproj", "{23EED609-E4CA-4879-8E86-1729D2E15F65}"
EndProject
Project("{9A19103F-16F7-4668-BE54-9A1E7A4F7556}") = "SM.Clone.Auth.Infrastructures", "Infrastructures\SM.Clone.Auth.Infrastructures.csproj", "{2F02FCC5-6DE7-4C15-8245-8422977B45B1}"
EndProject
Project("{9A19103F-16F7-4668-BE54-9A1E7A4F7556}") = "SM.Clone.Auth.Applications", "Applications\SM.Clone.Auth.Applications.csproj", "{F7675F66-7070-4F1A-9ABF-BF3B39106A68}"
EndProject
Project("{9A19103F-16F7-4668-BE54-9A1E7A4F7556}") = "SM.Clone.Auth.Api", "Api\SM.Clone.Auth.Api.csproj", "{53198920-C870-49D0-A16E-8250CD21BDA0}"
EndProject
Global
	GlobalSection(SolutionConfigurationPlatforms) = preSolution
		Debug|Any CPU = Debug|Any CPU
		Release|Any CPU = Release|Any CPU
	EndGlobalSection
	GlobalSection(ProjectConfigurationPlatforms) = postSolution
		{23EED609-E4CA-4879-8E86-1729D2E15F65}.Debug|Any CPU.ActiveCfg = Debug|Any CPU
		{23EED609-E4CA-4879-8E86-1729D2E15F65}.Debug|Any CPU.Build.0 = Debug|Any CPU
		{23EED609-E4CA-4879-8E86-1729D2E15F65}.Release|Any CPU.ActiveCfg = Release|Any CPU
		{23EED609-E4CA-4879-8E86-1729D2E15F65}.Release|Any CPU.Build.0 = Release|Any CPU
		{2F02FCC5-6DE7-4C15-8245-8422977B45B1}.Debug|Any CPU.ActiveCfg = Debug|Any CPU
		{2F02FCC5-6DE7-4C15-8245-8422977B45B1}.Debug|Any CPU.Build.0 = Debug|Any CPU
		{2F02FCC5-6DE7-4C15-8245-8422977B45B1}.Release|Any CPU.ActiveCfg = Release|Any CPU
		{2F02FCC5-6DE7-4C15-8245-8422977B45B1}.Release|Any CPU.Build.0 = Release|Any CPU
		{F7675F66-7070-4F1A-9ABF-BF3B39106A68}.Debug|Any CPU.ActiveCfg = Debug|Any CPU
		{F7675F66-7070-4F1A-9ABF-BF3B39106A68}.Debug|Any CPU.Build.0 = Debug|Any CPU
		{F7675F66-7070-4F1A-9ABF-BF3B39106A68}.Release|Any CPU.ActiveCfg = Release|Any CPU
		{F7675F66-7070-4F1A-9ABF-BF3B39106A68}.Release|Any CPU.Build.0 = Release|Any CPU
		{53198920-C870-49D0-A16E-8250CD21BDA0}.Debug|Any CPU.ActiveCfg = Debug|Any CPU
		{53198920-C870-49D0-A16E-8250CD21BDA0}.Debug|Any CPU.Build.0 = Debug|Any CPU
		{53198920-C870-49D0-A16E-8250CD21BDA0}.Release|Any CPU.ActiveCfg = Release|Any CPU
		{53198920-C870-49D0-A16E-8250CD21BDA0}.Release|Any CPU.Build.0 = Release|Any CPU
	EndGlobalSection
	GlobalSection(SolutionProperties) = preSolution
		HideSolutionNode = FALSE
	EndGlobalSection
	GlobalSection(ExtensibilityGlobals) = postSolution
		SolutionGuid = {1EB506B6-6714-4305-8A66-E06FF53A033E}
	EndGlobalSection
EndGlobal
